[{<<"base32">>,
  {git,"https://github.com/aetrion/base32_erlang.git",
       {ref,"40431a7480176b24863e18b92d9872e54c714df5"}},
  1},
 {<<"bear">>,
  {git,"git://github.com/boundary/bear.git",
       {ref,"119234548783af19b8ec75c879c5062676b92571"}},
  3},
 {<<"covertool">>,
  {git,"https://github.com/idubrov/covertool",
       {ref,"be45cabc5dc28480176172425793923b6cde428d"}},
  1},
 {<<"dns">>,
  {git,"git://github.com/aetrion/dns_erlang.git",
       {ref,"320a4156e47e77ed337a79c5b2f6ed594ed3513f"}},
  0},
 {<<"edown">>,
  {git,"git://github.com/uwiger/edown.git",
       {ref,"b7c8eb0ac1859f8fce11cbfe3526f5ec83194776"}},
  3},
 {<<"eflame">>,
  {git,"https://github.com/slfritchie/eflame.git",
       {ref,"a08518142126f5fc541a3a3c4a04c27f24448bae"}},
  0},
 {<<"eper">>,
  {git,"https://github.com/massemanet/eper.git",
       {ref,"1742031e12fb9e6eac0ffacfc593d5a7849fc07f"}},
  0},
 {<<"exometer_core">>,
  {git,"git://github.com/Feuerlabs/exometer_core",
       {ref,"d7c4ddd066b5a56f7118bdb00dd7b22277340a35"}},
  1},
 {<<"folsom">>,
  {git,"git://github.com/boundary/folsom",
       {ref,"38e2cce7c64ce1f0a3a918d90394cfc0a940b1ba"}},
  2},
 {<<"gen_netlink">>,
  {git,"https://github.com/mesosphere/gen_netlink.git",
       {ref,"181f5d84aa3157d3b93d68d9a7b402e5380ed690"}},
  0},
 {<<"goldrush">>,
  {git,"git://github.com/DeadZen/goldrush.git",
       {ref,"212299233c7e7eb63a97be2777e1c05ebaa58dbe"}},
  1},
 {<<"gpb">>,
  {git,"https://github.com/tomas-abrahamsson/gpb.git",
       {ref,"1dbc49f18d6d1979779aff47971dd02405cb509d"}},
  1},
 {<<"ip_vs_conn">>,
  {git,"https://github.com/mesosphere/ip_vs_conn",
       {ref,"f083a57832bf202de56f9cb1a9606739e16c3b1b"}},
  0},
 {<<"jsx">>,
  {git,"https://github.com/talentdeficit/jsx.git",
       {ref,"3074d4865b3385a050badf7828ad31490d860df5"}},
  0},
 {<<"lager">>,
  {git,"git://github.com/basho/lager",
       {ref,"8187757388c9adc915379caaab36a2f2ca26e944"}},
  0},
 {<<"lashup">>,
  {git,"git://github.com/dcos/lashup.git",
       {ref,"171402152422928ede7a7555948ce8b906baab32"}},
  0},
 {<<"meck">>,
  {git,"https://github.com/eproxus/meck",
       {ref,"70d6a33ce7407029dc59e22a5b3c1c61c1348b23"}},
  0},
 {<<"mesos_state">>,
  {git,"git://github.com/dcos/mesos_state",
       {ref,"792f741edf1f6c8f6e6e0cb8a04c4977779842e9"}},
  0},
 {<<"parse_trans">>,
  {git,"git://github.com/uwiger/parse_trans.git",
       {ref,"a210adafdfbb904d156d8f22abd5fb58fc17de1e"}},
  2},
 {<<"procket">>,
  {git,"https://github.com/msantos/procket.git",
       {ref,"ffbb9b631829e2ddf3c7fb5113e9a4e726f032d7"}},
  1},
 {<<"riak_dt">>,
  {git,"https://github.com/dcos/riak_dt.git",
       {ref,"3394c86fbd54e194b4fd72ca72ad42127609a4d6"}},
  1},
 {<<"setup">>,
  {git,"git://github.com/uwiger/setup.git",
       {ref,"85447ca5eb671db0517a475791ac7fb3604bf44d"}},
  2},
 {<<"sync">>,
  {git,"git://github.com/rustyio/sync.git",
       {ref,"11df81d196eaab2d84caa3fbe8def5d476ef79d8"}},
  1},
 {<<"tcp_metrics">>,
  {git,"https://github.com/mesosphere/tcp_metrics",
       {ref,"52420d4e09479715cfdf33670d1b8dbbbdedbea5"}},
  0},
 {<<"telemetry">>,
  {git,"git://github.com/dcos/telemetry-net.git",
       {ref,"31b7a478ccfd2c0789360bb84a4cad4972d16897"}},
  0}].
