[{<<"base32">>,
  {git,"https://github.com/aetrion/base32_erlang.git",
       {ref,"40431a7480176b24863e18b92d9872e54c714df5"}},
  1},
 {<<"bear">>,
  {git,"git://github.com/boundary/bear.git",
       {ref,"119234548783af19b8ec75c879c5062676b92571"}},
  2},
 {<<"dns">>,
  {git,"git://github.com/aetrion/dns_erlang.git",
       {ref,"674603aec44a2f3fda1f42dd93d1c1368ac319ca"}},
  0},
 {<<"edown">>,
  {git,"git://github.com/uwiger/edown.git",
       {ref,"b7c8eb0ac1859f8fce11cbfe3526f5ec83194776"}},
  2},
 {<<"eflame">>,
  {git,"https://github.com/slfritchie/eflame.git",
       {ref,"a08518142126f5fc541a3a3c4a04c27f24448bae"}},
  0},
 {<<"eper">>,
  {git,"https://github.com/massemanet/eper.git",
       {ref,"1742031e12fb9e6eac0ffacfc593d5a7849fc07f"}},
  0},
 {<<"exometer_core">>,
  {git,"git://github.com/Feuerlabs/exometer_core",
       {ref,"d7c4ddd066b5a56f7118bdb00dd7b22277340a35"}},
  0},
 {<<"flower">>,
  {git,"https://github.com/travelping/flower.git",
       {ref,"549015e8ef6e26d6b4bd10c5e527894e55218168"}},
  1},
 {<<"folsom">>,
  {git,"git://github.com/boundary/folsom",
       {ref,"38e2cce7c64ce1f0a3a918d90394cfc0a940b1ba"}},
  1},
 {<<"gen_netlink">>,
  {git,"https://github.com/mesosphere/gen_netlink.git",
       {ref,"e190ef024f7171ddb6d0c5977a1c271e180ed8d4"}},
  0},
 {<<"gen_socket">>,
  {git,"git://github.com/travelping/gen_socket",
       {ref,"579f41dbf48520c0fbfc9a37217778b834f8e3cb"}},
  1},
 {<<"goldrush">>,
  {git,"git://github.com/DeadZen/goldrush.git",
       {ref,"212299233c7e7eb63a97be2777e1c05ebaa58dbe"}},
  1},
 {<<"gpb">>,
  {git,"https://github.com/tomas-abrahamsson/gpb",
       {ref,"775da821b1842d0c76533d25867c1be4b94c2bbb"}},
  1},
 {<<"jsx">>,
  {git,"https://github.com/talentdeficit/jsx.git",
       {ref,"3074d4865b3385a050badf7828ad31490d860df5"}},
  0},
 {<<"lager">>,
  {git,"git://github.com/basho/lager",
       {ref,"45fe95ba6cd964b7a667394c4e671a5afe8f5a42"}},
  0},
 {<<"lashup">>,
  {git,"git://github.com/dcos/lashup.git",
       {ref,"7d7b6ef75d73fb0a51e8017fcdc89a2b9864d522"}},
  0},
 {<<"meck">>,
  {git,"git://github.com/eproxus/meck",
       {ref,"17b0ea5b7d9c93af3a52b5152c6bee14302b3885"}},
  0},
 {<<"mesos_state">>,
  {git,"git://github.com/dcos/mesos_state",
       {ref,"fc68a07009ccf82721e6ee876cb3e760f0cda37f"}},
  0},
 {<<"mochiweb">>,
  {git,"git://github.com/basho/mochiweb.git",
       {ref,"ade2a9b29a11034eb550c1d79b4f991bf5ca05ba"}},
  1},
 {<<"parse_trans">>,
  {git,"git://github.com/uwiger/parse_trans.git",
       {ref,"a210adafdfbb904d156d8f22abd5fb58fc17de1e"}},
  1},
 {<<"pkt">>,
  {git,"https://github.com/msantos/pkt",
       {ref,"e50eb8262922d16ecdbb4b1c1a721480999c6a1a"}},
  0},
 {<<"proper">>,
  {git,"https://github.com/manopapad/proper.git",
       {ref,"1b773eeb47cb2c3116d78bdf681505703b762eee"}},
  0},
 {<<"riak_dt">>,
  {git,"https://github.com/sargun/riak_dt.git",
       {ref,"27b261f6c1f5c519bbcf0bd3f469c4dfe4e0e604"}},
  1},
 {<<"setup">>,
  {git,"git://github.com/uwiger/setup.git",
       {ref,"85447ca5eb671db0517a475791ac7fb3604bf44d"}},
  1},
 {<<"sync">>,
  {git,"git://github.com/rustyio/sync.git",
       {ref,"11df81d196eaab2d84caa3fbe8def5d476ef79d8"}},
  0},
 {<<"telemetry">>,
  {git,"git://github.com/dcos/telemetry-net.git",
       {ref,"419da05c2a4ffc573226005048628555be3a5880"}},
  0},
 {<<"webmachine">>,
  {git,"git://github.com/webmachine/webmachine",
       {ref,"7677c240f4a7ed020f4bab48278224966bb42311"}},
  0}].
