[{<<"bear">>,
  {git,"git://github.com/boundary/bear.git",
       {ref,"119234548783af19b8ec75c879c5062676b92571"}},
  2},
 {<<"cowboy">>,
  {git,"https://github.com/ninenines/cowboy.git",
       {ref,"d08c2ab39d38c181abda279d5c2cadfac33a50c1"}},
  1},
 {<<"cowlib">>,
  {git,"https://github.com/ninenines/cowlib.git",
       {ref,"d544a494af4dbc810fc9c15eaf5cc050cced1501"}},
  2},
 {<<"edown">>,
  {git,"https://github.com/uwiger/edown.git",
       {ref,"b7c8eb0ac1859f8fce11cbfe3526f5ec83194776"}},
  2},
 {<<"eflame">>,
  {git,"https://github.com/slfritchie/eflame.git",
       {ref,"a08518142126f5fc541a3a3c4a04c27f24448bae"}},
  0},
 {<<"eper">>,
  {git,"https://github.com/massemanet/eper.git",
       {ref,"1742031e12fb9e6eac0ffacfc593d5a7849fc07f"}},
  0},
 {<<"exometer_core">>,
  {git,"git://github.com/Feuerlabs/exometer_core",
       {ref,"d7c4ddd066b5a56f7118bdb00dd7b22277340a35"}},
  0},
 {<<"flower">>,
  {git,"https://github.com/travelping/flower.git",
       {ref,"549015e8ef6e26d6b4bd10c5e527894e55218168"}},
  1},
 {<<"folsom">>,
  {git,"git://github.com/boundary/folsom",
       {ref,"38e2cce7c64ce1f0a3a918d90394cfc0a940b1ba"}},
  1},
 {<<"fqc">>,
  {git,"https://github.com/project-fifo/fqc.git",
       {ref,"ad62f8121414ed026a6a9f564b1856191ab7d1fc"}},
  2},
 {<<"gen_netlink">>,
  {git,"https://github.com/mesosphere/gen_netlink.git",
       {ref,"e190ef024f7171ddb6d0c5977a1c271e180ed8d4"}},
  0},
 {<<"gen_socket">>,
  {git,"git://github.com/travelping/gen_socket",
       {ref,"579f41dbf48520c0fbfc9a37217778b834f8e3cb"}},
  1},
 {<<"goldrush">>,
  {git,"git://github.com/DeadZen/goldrush.git",
       {ref,"64864ba7fcf40988361340e48680b49a2c2938cf"}},
  1},
 {<<"hdr_histogram">>,
  {git,"git://github.com/HdrHistogram/hdr_histogram_erl.git",
       {ref,"46a4f86f3a9b72181859c2a30c8039c5d486248b"}},
  1},
 {<<"jsx">>,
  {git,"https://github.com/talentdeficit/jsx.git",
       {ref,"3074d4865b3385a050badf7828ad31490d860df5"}},
  0},
 {<<"lager">>,
  {git,"git://github.com/basho/lager",
       {ref,"cbf6679c6a693772fd1629c9cdc093e4c6c4ebf8"}},
  0},
 {<<"lashup">>,
  {git,"git@github.com:mesosphere/lashup.git",
       {ref,"ea70bbe490ceef795a8baad52549b45a7a56186f"}},
  0},
 {<<"meck">>,
  {git,"git://github.com/eproxus/meck",
       {ref,"17b0ea5b7d9c93af3a52b5152c6bee14302b3885"}},
  0},
 {<<"mochiweb">>,
  {git,"git://github.com/basho/mochiweb.git",
       {ref,"ade2a9b29a11034eb550c1d79b4f991bf5ca05ba"}},
  1},
 {<<"parse_trans">>,
  {git,"git://github.com/uwiger/parse_trans.git",
       {ref,"a210adafdfbb904d156d8f22abd5fb58fc17de1e"}},
  1},
 {<<"pkt">>,
  {git,"https://github.com/msantos/pkt",
       {ref,"f21be7734da7089cec057385d728d1111694671a"}},
  0},
 {<<"proper">>,
  {git,"https://github.com/manopapad/proper.git",
       {ref,"1b773eeb47cb2c3116d78bdf681505703b762eee"}},
  0},
 {<<"ranch">>,
  {git,"https://github.com/ninenines/ranch.git",
       {ref,"adf1822defc2b7cfdc7aca112adabfa1d614043c"}},
  2},
 {<<"riak_dt">>,
  {git,"https://github.com/sargun/riak_dt.git",
       {ref,"9b91b17d59e9b290175db8ddd60e47604785da1a"}},
  1},
 {<<"setup">>,
  {git,"git://github.com/uwiger/setup.git",
       {ref,"85447ca5eb671db0517a475791ac7fb3604bf44d"}},
  1},
 {<<"sync">>,
  {git,"git://github.com/rustyio/sync.git",
       {ref,"de3c42df5845719d3a3529b76a01f9729821fe7a"}},
  0},
 {<<"telemetry">>,
  {git,"git@github.com:mesosphere/telemetry-net.git",
       {ref,"75231ea3b4ea6bd2b62e857a1da1aacd4448affb"}},
  0},
 {<<"webmachine">>,
  {git,"git://github.com/basho/webmachine",
       {ref,"7677c240f4a7ed020f4bab48278224966bb42311"}},
  0}].
